
Microsoft Visual Studio Solution File, Format Version 12.00
# Visual Studio Version 17
VisualStudioVersion = 17.6.33815.320
MinimumVisualStudioVersion = 10.0.40219.1
Project("{9A19103F-16F7-4668-BE54-9A1E7A4F7556}") = "LapkaBackend.API", "LapkaBackend.API\LapkaBackend.API.csproj", "{0C12249B-0B4C-464B-969C-B73C0E560F56}"
EndProject
Project("{9A19103F-16F7-4668-BE54-9A1E7A4F7556}") = "LapkaBackend.Application", "LapkaBackend.Application\LapkaBackend.Application.csproj", "{25506A5A-E659-4809-B68C-E826DDE3B762}"
EndProject
Project("{9A19103F-16F7-4668-BE54-9A1E7A4F7556}") = "LapkaBackend.Domain", "LapkaBackend.Domain\LapkaBackend.Domain.csproj", "{FA76A563-2678-4183-8232-CB0D9C96ED7C}"
EndProject
Project("{9A19103F-16F7-4668-BE54-9A1E7A4F7556}") = "LapkaBackend.Infrastructure", "LapkaBackend.Infrastructure\LapkaBackend.Infrastructure.csproj", "{FAF080B9-D6E4-4F6E-BE3B-078A18EEFEF9}"
EndProject
Project("{FAE04EC0-301F-11D3-BF4B-00C04F79EFBC}") = "LapkaBackend.Application.Tests", "LapkaBackend.Application.Tests\LapkaBackend.Application.Tests.csproj", "{0A552701-E2E8-416E-9299-DC515D8B811A}"
EndProject
Global
	GlobalSection(SolutionConfigurationPlatforms) = preSolution
		Debug|Any CPU = Debug|Any CPU
		Release|Any CPU = Release|Any CPU
	EndGlobalSection
	GlobalSection(ProjectConfigurationPlatforms) = postSolution
		{FA76A563-2678-4183-8232-CB0D9C96ED7C}.Debug|Any CPU.ActiveCfg = Debug|Any CPU
		{FA76A563-2678-4183-8232-CB0D9C96ED7C}.Debug|Any CPU.Build.0 = Debug|Any CPU
		{FA76A563-2678-4183-8232-CB0D9C96ED7C}.Release|Any CPU.ActiveCfg = Release|Any CPU
		{FA76A563-2678-4183-8232-CB0D9C96ED7C}.Release|Any CPU.Build.0 = Release|Any CPU
		{FAF080B9-D6E4-4F6E-BE3B-078A18EEFEF9}.Debug|Any CPU.ActiveCfg = Debug|Any CPU
		{FAF080B9-D6E4-4F6E-BE3B-078A18EEFEF9}.Debug|Any CPU.Build.0 = Debug|Any CPU
		{FAF080B9-D6E4-4F6E-BE3B-078A18EEFEF9}.Release|Any CPU.ActiveCfg = Release|Any CPU
		{FAF080B9-D6E4-4F6E-BE3B-078A18EEFEF9}.Release|Any CPU.Build.0 = Release|Any CPU
		{0A552701-E2E8-416E-9299-DC515D8B811A}.Debug|Any CPU.ActiveCfg = Debug|Any CPU
		{0A552701-E2E8-416E-9299-DC515D8B811A}.Debug|Any CPU.Build.0 = Debug|Any CPU
		{0A552701-E2E8-416E-9299-DC515D8B811A}.Release|Any CPU.ActiveCfg = Release|Any CPU
		{0A552701-E2E8-416E-9299-DC515D8B811A}.Release|Any CPU.Build.0 = Release|Any CPU
	EndGlobalSection
	GlobalSection(SolutionProperties) = preSolution
		HideSolutionNode = FALSE
	EndGlobalSection
	GlobalSection(ExtensibilityGlobals) = postSolution
		SolutionGuid = {323083B1-8138-4C9C-998A-B54DD16A0658}
	EndGlobalSection
EndGlobal
